
Microsoft Visual Studio Solution File, Format Version 12.00
# Visual Studio Version 17
VisualStudioVersion = 17.4.33122.133
MinimumVisualStudioVersion = 10.0.40219.1
Project("{9A19103F-16F7-4668-BE54-9A1E7A4F7556}") = "Day01", "Day01\Day01.csproj", "{70CDDA8C-3A68-4CAF-9675-F91055ACD84B}"
EndProject
Project("{9A19103F-16F7-4668-BE54-9A1E7A4F7556}") = "Day02", "Day02\Day02.csproj", "{F97AF068-C416-43CE-9E84-C30DB461E03D}"
EndProject
Project("{9A19103F-16F7-4668-BE54-9A1E7A4F7556}") = "AdventOfCode.Tools", "AdventOfCode.Tools\AdventOfCode.Tools.csproj", "{8768F441-5E8C-4067-ADB3-521CD8F484A4}"
EndProject
Project("{9A19103F-16F7-4668-BE54-9A1E7A4F7556}") = "Day03", "Day03\Day03.csproj", "{5AC584DD-4490-41C9-A654-EEC5CCA48D69}"
EndProject
Project("{9A19103F-16F7-4668-BE54-9A1E7A4F7556}") = "Day04", "Day04\Day04.csproj", "{EF370374-2EFD-47EF-B0E6-A3B7342B7286}"
EndProject
Project("{9A19103F-16F7-4668-BE54-9A1E7A4F7556}") = "Day05", "Day05\Day05.csproj", "{0B0D9BFA-00D8-4A39-9D4B-CF59717126DB}"
EndProject
Project("{9A19103F-16F7-4668-BE54-9A1E7A4F7556}") = "Day06", "Day06\Day06.csproj", "{3F43CC60-4FE9-4623-9F0F-ECA308D61CCC}"
EndProject
Project("{9A19103F-16F7-4668-BE54-9A1E7A4F7556}") = "Day07", "Day07\Day07.csproj", "{05F122ED-B06A-41FA-AF0C-BADEA98C6E6E}"
EndProject
Project("{9A19103F-16F7-4668-BE54-9A1E7A4F7556}") = "Day08", "Day08\Day08.csproj", "{BBFDE9D3-8ECC-4733-8733-29522DC67F8E}"
EndProject
Project("{9A19103F-16F7-4668-BE54-9A1E7A4F7556}") = "Day09", "Day09\Day09.csproj", "{030E6026-A120-47B0-8228-16FFAD8854D3}"
EndProject
Project("{9A19103F-16F7-4668-BE54-9A1E7A4F7556}") = "Day10", "Day10\Day10.csproj", "{3C91E0D1-EF9C-44DB-A4CD-A829A465D672}"
EndProject
Project("{9A19103F-16F7-4668-BE54-9A1E7A4F7556}") = "Day11", "Day11\Day11.csproj", "{652D8033-33B7-4BA2-AF8F-B9E8051B984C}"
EndProject
Project("{9A19103F-16F7-4668-BE54-9A1E7A4F7556}") = "Day12", "Day12\Day12.csproj", "{A7280F5B-AE1F-4ED7-B1C6-B4DCCFD371CE}"
EndProject
Project("{9A19103F-16F7-4668-BE54-9A1E7A4F7556}") = "Day13", "Day13\Day13.csproj", "{4EFBBCF4-5A62-4D8B-8BDF-5608E2838581}"
EndProject
Project("{9A19103F-16F7-4668-BE54-9A1E7A4F7556}") = "Day14", "Day14\Day14.csproj", "{973A2A42-56F7-4C8D-86B8-F74AAE6DC64E}"
EndProject
Project("{9A19103F-16F7-4668-BE54-9A1E7A4F7556}") = "Day15", "Day15\Day15.csproj", "{1B1A3464-2B57-4B20-89B6-B67FC9690F46}"
EndProject
Project("{9A19103F-16F7-4668-BE54-9A1E7A4F7556}") = "Day17", "Day17\Day17.csproj", "{4AA589DE-7274-4EFB-836F-E456F71FE7D5}"
EndProject
Project("{9A19103F-16F7-4668-BE54-9A1E7A4F7556}") = "Day18", "Day18\Day18.csproj", "{130B264D-EEA9-4D30-8D13-29C45D94BE1F}"
EndProject
Project("{FAE04EC0-301F-11D3-BF4B-00C04F79EFBC}") = "Day20", "Day20\Day20.csproj", "{ED9E3710-FCBB-4FEE-B790-617C18A9F005}"
EndProject
Global
	GlobalSection(SolutionConfigurationPlatforms) = preSolution
		Debug|Any CPU = Debug|Any CPU
		Release|Any CPU = Release|Any CPU
	EndGlobalSection
	GlobalSection(ProjectConfigurationPlatforms) = postSolution
		{70CDDA8C-3A68-4CAF-9675-F91055ACD84B}.Debug|Any CPU.ActiveCfg = Debug|Any CPU
		{70CDDA8C-3A68-4CAF-9675-F91055ACD84B}.Debug|Any CPU.Build.0 = Debug|Any CPU
		{70CDDA8C-3A68-4CAF-9675-F91055ACD84B}.Release|Any CPU.ActiveCfg = Release|Any CPU
		{70CDDA8C-3A68-4CAF-9675-F91055ACD84B}.Release|Any CPU.Build.0 = Release|Any CPU
		{F97AF068-C416-43CE-9E84-C30DB461E03D}.Debug|Any CPU.ActiveCfg = Debug|Any CPU
		{F97AF068-C416-43CE-9E84-C30DB461E03D}.Debug|Any CPU.Build.0 = Debug|Any CPU
		{F97AF068-C416-43CE-9E84-C30DB461E03D}.Release|Any CPU.ActiveCfg = Release|Any CPU
		{F97AF068-C416-43CE-9E84-C30DB461E03D}.Release|Any CPU.Build.0 = Release|Any CPU
		{8768F441-5E8C-4067-ADB3-521CD8F484A4}.Debug|Any CPU.ActiveCfg = Debug|Any CPU
		{8768F441-5E8C-4067-ADB3-521CD8F484A4}.Debug|Any CPU.Build.0 = Debug|Any CPU
		{8768F441-5E8C-4067-ADB3-521CD8F484A4}.Release|Any CPU.ActiveCfg = Release|Any CPU
		{8768F441-5E8C-4067-ADB3-521CD8F484A4}.Release|Any CPU.Build.0 = Release|Any CPU
		{5AC584DD-4490-41C9-A654-EEC5CCA48D69}.Debug|Any CPU.ActiveCfg = Debug|Any CPU
		{5AC584DD-4490-41C9-A654-EEC5CCA48D69}.Debug|Any CPU.Build.0 = Debug|Any CPU
		{5AC584DD-4490-41C9-A654-EEC5CCA48D69}.Release|Any CPU.ActiveCfg = Release|Any CPU
		{5AC584DD-4490-41C9-A654-EEC5CCA48D69}.Release|Any CPU.Build.0 = Release|Any CPU
		{EF370374-2EFD-47EF-B0E6-A3B7342B7286}.Debug|Any CPU.ActiveCfg = Debug|Any CPU
		{EF370374-2EFD-47EF-B0E6-A3B7342B7286}.Debug|Any CPU.Build.0 = Debug|Any CPU
		{EF370374-2EFD-47EF-B0E6-A3B7342B7286}.Release|Any CPU.ActiveCfg = Release|Any CPU
		{EF370374-2EFD-47EF-B0E6-A3B7342B7286}.Release|Any CPU.Build.0 = Release|Any CPU
		{0B0D9BFA-00D8-4A39-9D4B-CF59717126DB}.Debug|Any CPU.ActiveCfg = Debug|Any CPU
		{0B0D9BFA-00D8-4A39-9D4B-CF59717126DB}.Debug|Any CPU.Build.0 = Debug|Any CPU
		{0B0D9BFA-00D8-4A39-9D4B-CF59717126DB}.Release|Any CPU.ActiveCfg = Release|Any CPU
		{0B0D9BFA-00D8-4A39-9D4B-CF59717126DB}.Release|Any CPU.Build.0 = Release|Any CPU
		{3F43CC60-4FE9-4623-9F0F-ECA308D61CCC}.Debug|Any CPU.ActiveCfg = Debug|Any CPU
		{3F43CC60-4FE9-4623-9F0F-ECA308D61CCC}.Debug|Any CPU.Build.0 = Debug|Any CPU
		{3F43CC60-4FE9-4623-9F0F-ECA308D61CCC}.Release|Any CPU.ActiveCfg = Release|Any CPU
		{3F43CC60-4FE9-4623-9F0F-ECA308D61CCC}.Release|Any CPU.Build.0 = Release|Any CPU
		{05F122ED-B06A-41FA-AF0C-BADEA98C6E6E}.Debug|Any CPU.ActiveCfg = Debug|Any CPU
		{05F122ED-B06A-41FA-AF0C-BADEA98C6E6E}.Debug|Any CPU.Build.0 = Debug|Any CPU
		{05F122ED-B06A-41FA-AF0C-BADEA98C6E6E}.Release|Any CPU.ActiveCfg = Release|Any CPU
		{05F122ED-B06A-41FA-AF0C-BADEA98C6E6E}.Release|Any CPU.Build.0 = Release|Any CPU
		{BBFDE9D3-8ECC-4733-8733-29522DC67F8E}.Debug|Any CPU.ActiveCfg = Debug|Any CPU
		{BBFDE9D3-8ECC-4733-8733-29522DC67F8E}.Debug|Any CPU.Build.0 = Debug|Any CPU
		{BBFDE9D3-8ECC-4733-8733-29522DC67F8E}.Release|Any CPU.ActiveCfg = Release|Any CPU
		{BBFDE9D3-8ECC-4733-8733-29522DC67F8E}.Release|Any CPU.Build.0 = Release|Any CPU
		{030E6026-A120-47B0-8228-16FFAD8854D3}.Debug|Any CPU.ActiveCfg = Debug|Any CPU
		{030E6026-A120-47B0-8228-16FFAD8854D3}.Debug|Any CPU.Build.0 = Debug|Any CPU
		{030E6026-A120-47B0-8228-16FFAD8854D3}.Release|Any CPU.ActiveCfg = Release|Any CPU
		{030E6026-A120-47B0-8228-16FFAD8854D3}.Release|Any CPU.Build.0 = Release|Any CPU
		{3C91E0D1-EF9C-44DB-A4CD-A829A465D672}.Debug|Any CPU.ActiveCfg = Debug|Any CPU
		{3C91E0D1-EF9C-44DB-A4CD-A829A465D672}.Debug|Any CPU.Build.0 = Debug|Any CPU
		{3C91E0D1-EF9C-44DB-A4CD-A829A465D672}.Release|Any CPU.ActiveCfg = Release|Any CPU
		{3C91E0D1-EF9C-44DB-A4CD-A829A465D672}.Release|Any CPU.Build.0 = Release|Any CPU
		{652D8033-33B7-4BA2-AF8F-B9E8051B984C}.Debug|Any CPU.ActiveCfg = Debug|Any CPU
		{652D8033-33B7-4BA2-AF8F-B9E8051B984C}.Debug|Any CPU.Build.0 = Debug|Any CPU
		{652D8033-33B7-4BA2-AF8F-B9E8051B984C}.Release|Any CPU.ActiveCfg = Release|Any CPU
		{652D8033-33B7-4BA2-AF8F-B9E8051B984C}.Release|Any CPU.Build.0 = Release|Any CPU
		{A7280F5B-AE1F-4ED7-B1C6-B4DCCFD371CE}.Debug|Any CPU.ActiveCfg = Debug|Any CPU
		{A7280F5B-AE1F-4ED7-B1C6-B4DCCFD371CE}.Debug|Any CPU.Build.0 = Debug|Any CPU
		{A7280F5B-AE1F-4ED7-B1C6-B4DCCFD371CE}.Release|Any CPU.ActiveCfg = Release|Any CPU
		{A7280F5B-AE1F-4ED7-B1C6-B4DCCFD371CE}.Release|Any CPU.Build.0 = Release|Any CPU
		{4EFBBCF4-5A62-4D8B-8BDF-5608E2838581}.Debug|Any CPU.ActiveCfg = Debug|Any CPU
		{4EFBBCF4-5A62-4D8B-8BDF-5608E2838581}.Debug|Any CPU.Build.0 = Debug|Any CPU
		{4EFBBCF4-5A62-4D8B-8BDF-5608E2838581}.Release|Any CPU.ActiveCfg = Release|Any CPU
		{4EFBBCF4-5A62-4D8B-8BDF-5608E2838581}.Release|Any CPU.Build.0 = Release|Any CPU
		{973A2A42-56F7-4C8D-86B8-F74AAE6DC64E}.Debug|Any CPU.ActiveCfg = Debug|Any CPU
		{973A2A42-56F7-4C8D-86B8-F74AAE6DC64E}.Debug|Any CPU.Build.0 = Debug|Any CPU
		{973A2A42-56F7-4C8D-86B8-F74AAE6DC64E}.Release|Any CPU.ActiveCfg = Release|Any CPU
		{973A2A42-56F7-4C8D-86B8-F74AAE6DC64E}.Release|Any CPU.Build.0 = Release|Any CPU
		{1B1A3464-2B57-4B20-89B6-B67FC9690F46}.Debug|Any CPU.ActiveCfg = Debug|Any CPU
		{1B1A3464-2B57-4B20-89B6-B67FC9690F46}.Debug|Any CPU.Build.0 = Debug|Any CPU
		{1B1A3464-2B57-4B20-89B6-B67FC9690F46}.Release|Any CPU.ActiveCfg = Release|Any CPU
		{1B1A3464-2B57-4B20-89B6-B67FC9690F46}.Release|Any CPU.Build.0 = Release|Any CPU
		{4AA589DE-7274-4EFB-836F-E456F71FE7D5}.Debug|Any CPU.ActiveCfg = Debug|Any CPU
		{4AA589DE-7274-4EFB-836F-E456F71FE7D5}.Debug|Any CPU.Build.0 = Debug|Any CPU
		{4AA589DE-7274-4EFB-836F-E456F71FE7D5}.Release|Any CPU.ActiveCfg = Release|Any CPU
		{4AA589DE-7274-4EFB-836F-E456F71FE7D5}.Release|Any CPU.Build.0 = Release|Any CPU
		{130B264D-EEA9-4D30-8D13-29C45D94BE1F}.Debug|Any CPU.ActiveCfg = Debug|Any CPU
		{130B264D-EEA9-4D30-8D13-29C45D94BE1F}.Debug|Any CPU.Build.0 = Debug|Any CPU
		{130B264D-EEA9-4D30-8D13-29C45D94BE1F}.Release|Any CPU.ActiveCfg = Release|Any CPU
		{130B264D-EEA9-4D30-8D13-29C45D94BE1F}.Release|Any CPU.Build.0 = Release|Any CPU
		{ED9E3710-FCBB-4FEE-B790-617C18A9F005}.Debug|Any CPU.ActiveCfg = Debug|Any CPU
		{ED9E3710-FCBB-4FEE-B790-617C18A9F005}.Debug|Any CPU.Build.0 = Debug|Any CPU
		{ED9E3710-FCBB-4FEE-B790-617C18A9F005}.Release|Any CPU.ActiveCfg = Release|Any CPU
		{ED9E3710-FCBB-4FEE-B790-617C18A9F005}.Release|Any CPU.Build.0 = Release|Any CPU
	EndGlobalSection
	GlobalSection(SolutionProperties) = preSolution
		HideSolutionNode = FALSE
	EndGlobalSection
	GlobalSection(ExtensibilityGlobals) = postSolution
		SolutionGuid = {AFB05471-C738-4C6E-AAA2-7FAFF1693212}
	EndGlobalSection
EndGlobal
